
Microsoft Visual Studio Solution File, Format Version 12.00
# Visual Studio Version 16
VisualStudioVersion = 16.0.29123.88
MinimumVisualStudioVersion = 10.0.40219.1
Project("{FAE04EC0-301F-11D3-BF4B-00C04F79EFBC}") = "ApiTest", "ApiTest\ApiTest.csproj", "{CB05C08A-40F1-43C9-B447-D65AB28AE24E}"
EndProject
Global
	GlobalSection(SolutionConfigurationPlatforms) = preSolution
		Debug|Any CPU = Debug|Any CPU
		Release|Any CPU = Release|Any CPU
	EndGlobalSection
	GlobalSection(ProjectConfigurationPlatforms) = postSolution
		{CB05C08A-40F1-43C9-B447-D65AB28AE24E}.Debug|Any CPU.ActiveCfg = Debug|Any CPU
		{CB05C08A-40F1-43C9-B447-D65AB28AE24E}.Debug|Any CPU.Build.0 = Debug|Any CPU
		{CB05C08A-40F1-43C9-B447-D65AB28AE24E}.Release|Any CPU.ActiveCfg = Release|Any CPU
		{CB05C08A-40F1-43C9-B447-D65AB28AE24E}.Release|Any CPU.Build.0 = Release|Any CPU
	EndGlobalSection
	GlobalSection(SolutionProperties) = preSolution
		HideSolutionNode = FALSE
	EndGlobalSection
	GlobalSection(ExtensibilityGlobals) = postSolution
		SolutionGuid = {9605D0CF-BE2F-4E24-A5A7-B6D4B50C3474}
	EndGlobalSection
EndGlobal
